
Microsoft Visual Studio Solution File, Format Version 12.00
# Visual Studio Version 17
VisualStudioVersion = 17.5.33627.172
MinimumVisualStudioVersion = 10.0.40219.1
Project("{FAE04EC0-301F-11D3-BF4B-00C04F79EFBC}") = "Labb_3", "Labb_3.csproj", "{7670802C-8C28-4A3A-A27A-36415EB38555}"
EndProject
Global
	GlobalSection(SolutionConfigurationPlatforms) = preSolution
		Debug|Any CPU = Debug|Any CPU
		Release|Any CPU = Release|Any CPU
	EndGlobalSection
	GlobalSection(ProjectConfigurationPlatforms) = postSolution
		{7670802C-8C28-4A3A-A27A-36415EB38555}.Debug|Any CPU.ActiveCfg = Debug|Any CPU
		{7670802C-8C28-4A3A-A27A-36415EB38555}.Debug|Any CPU.Build.0 = Debug|Any CPU
		{7670802C-8C28-4A3A-A27A-36415EB38555}.Release|Any CPU.ActiveCfg = Release|Any CPU
		{7670802C-8C28-4A3A-A27A-36415EB38555}.Release|Any CPU.Build.0 = Release|Any CPU
	EndGlobalSection
	GlobalSection(SolutionProperties) = preSolution
		HideSolutionNode = FALSE
	EndGlobalSection
	GlobalSection(ExtensibilityGlobals) = postSolution
		SolutionGuid = {3A58D442-72D8-4D76-9C93-03BBE990D08B}
	EndGlobalSection
EndGlobal
